# member	kind	dependency	package	resolved	source	build-script
alertmanager	normal	schemars	schemars	1.2.2	registry+https://github.com/rust-lang/crates.io-index	-
alertmanager	normal	serde	serde	1.0.229	registry+https://github.com/rust-lang/crates.io-index	build.rs
alertmanager	normal	serde_json	serde_json	1.0.151	registry+https://github.com/rust-lang/crates.io-index	build.rs
aws	normal	schemars	schemars	1.2.2	registry+https://github.com/rust-lang/crates.io-index	-
aws	normal	serde	serde	1.0.229	registry+https://github.com/rust-lang/crates.io-index	build.rs
aws	normal	serde_json	serde_json	1.0.151	registry+https://github.com/rust-lang/crates.io-index	build.rs
codewandler-flux-datasource	normal	serde	serde	1.0.229	registry+https://github.com/rust-lang/crates.io-index	build.rs
codewandler-flux-datasource	normal	serde_json	serde_json	1.0.151	registry+https://github.com/rust-lang/crates.io-index	build.rs
codewandler-flux-evidence	normal	serde	serde	1.0.229	registry+https://github.com/rust-lang/crates.io-index	build.rs
codewandler-flux-evidence	normal	serde_json	serde_json	1.0.151	registry+https://github.com/rust-lang/crates.io-index	build.rs
codewandler-flux-host-kit	normal	base64	base64	0.23.0	registry+https://github.com/rust-lang/crates.io-index	-
codewandler-flux-host-kit	normal	schemars	schemars	1.2.2	registry+https://github.com/rust-lang/crates.io-index	-
codewandler-flux-host-kit	normal	serde	serde	1.0.229	registry+https://github.com/rust-lang/crates.io-index	build.rs
codewandler-flux-host-kit	normal	serde_json	serde_json	1.0.151	registry+https://github.com/rust-lang/crates.io-index	build.rs
codewandler-flux-host-kit	normal	serde_path_to_error	serde_path_to_error	0.1.20	registry+https://github.com/rust-lang/crates.io-index	-
codewandler-flux-plugin-protocol	normal	serde	serde	1.0.229	registry+https://github.com/rust-lang/crates.io-index	build.rs
codewandler-flux-plugin-protocol	normal	serde_json	serde_json	1.0.151	registry+https://github.com/rust-lang/crates.io-index	build.rs
codewandler-flux-policy	normal	serde	serde	1.0.229	registry+https://github.com/rust-lang/crates.io-index	build.rs
codewandler-flux-spec	normal	schemars	schemars	1.2.2	registry+https://github.com/rust-lang/crates.io-index	-
codewandler-flux-spec	normal	serde	serde	1.0.229	registry+https://github.com/rust-lang/crates.io-index	build.rs
codewandler-flux-spec	normal	serde_json	serde_json	1.0.151	registry+https://github.com/rust-lang/crates.io-index	build.rs
confluence	normal	base64	base64	0.23.0	registry+https://github.com/rust-lang/crates.io-index	-
confluence	normal	pulldown_cmark	pulldown-cmark	0.13.4	registry+https://github.com/rust-lang/crates.io-index	build.rs
confluence	normal	quick_xml	quick-xml	0.41.0	registry+https://github.com/rust-lang/crates.io-index	-
confluence	normal	schemars	schemars	1.2.2	registry+https://github.com/rust-lang/crates.io-index	-
confluence	normal	serde	serde	1.0.229	registry+https://github.com/rust-lang/crates.io-index	build.rs
confluence	normal	serde_json	serde_json	1.0.151	registry+https://github.com/rust-lang/crates.io-index	build.rs
docker	normal	schemars	schemars	1.2.2	registry+https://github.com/rust-lang/crates.io-index	-
docker	normal	serde	serde	1.0.229	registry+https://github.com/rust-lang/crates.io-index	build.rs
docker	normal	serde_json	serde_json	1.0.151	registry+https://github.com/rust-lang/crates.io-index	build.rs
flux-plugin-onepassword	normal	schemars	schemars	1.2.2	registry+https://github.com/rust-lang/crates.io-index	-
flux-plugin-onepassword	normal	serde	serde	1.0.229	registry+https://github.com/rust-lang/crates.io-index	build.rs
flux-plugin-onepassword	normal	serde_json	serde_json	1.0.151	registry+https://github.com/rust-lang/crates.io-index	build.rs
flux-plugin-vault	normal	schemars	schemars	1.2.2	registry+https://github.com/rust-lang/crates.io-index	-
flux-plugin-vault	normal	serde	serde	1.0.229	registry+https://github.com/rust-lang/crates.io-index	build.rs
flux-plugin-vault	normal	serde_json	serde_json	1.0.151	registry+https://github.com/rust-lang/crates.io-index	build.rs
gitlab	normal	base64	base64	0.23.0	registry+https://github.com/rust-lang/crates.io-index	-
gitlab	normal	regex	regex	1.13.1	registry+https://github.com/rust-lang/crates.io-index	-
gitlab	normal	schemars	schemars	1.2.2	registry+https://github.com/rust-lang/crates.io-index	-
gitlab	normal	serde	serde	1.0.229	registry+https://github.com/rust-lang/crates.io-index	build.rs
gitlab	normal	serde_json	serde_json	1.0.151	registry+https://github.com/rust-lang/crates.io-index	build.rs
grafana	normal	hex	hex	0.4.3	registry+https://github.com/rust-lang/crates.io-index	-
grafana	normal	schemars	schemars	1.2.2	registry+https://github.com/rust-lang/crates.io-index	-
grafana	normal	serde	serde	1.0.229	registry+https://github.com/rust-lang/crates.io-index	build.rs
grafana	normal	serde_json	serde_json	1.0.151	registry+https://github.com/rust-lang/crates.io-index	build.rs
grafana	normal	sha1	sha1	0.11.0	registry+https://github.com/rust-lang/crates.io-index	-
homer	normal	schemars	schemars	1.2.2	registry+https://github.com/rust-lang/crates.io-index	-
homer	normal	serde	serde	1.0.229	registry+https://github.com/rust-lang/crates.io-index	build.rs
homer	normal	serde_json	serde_json	1.0.151	registry+https://github.com/rust-lang/crates.io-index	build.rs
huggingface	normal	schemars	schemars	1.2.2	registry+https://github.com/rust-lang/crates.io-index	-
huggingface	normal	serde	serde	1.0.229	registry+https://github.com/rust-lang/crates.io-index	build.rs
huggingface	normal	serde_json	serde_json	1.0.151	registry+https://github.com/rust-lang/crates.io-index	build.rs
jira	normal	base64	base64	0.23.0	registry+https://github.com/rust-lang/crates.io-index	-
jira	normal	schemars	schemars	1.2.2	registry+https://github.com/rust-lang/crates.io-index	-
jira	normal	serde	serde	1.0.229	registry+https://github.com/rust-lang/crates.io-index	build.rs
jira	normal	serde_json	serde_json	1.0.151	registry+https://github.com/rust-lang/crates.io-index	build.rs
kubernetes	normal	schemars	schemars	1.2.2	registry+https://github.com/rust-lang/crates.io-index	-
kubernetes	normal	serde	serde	1.0.229	registry+https://github.com/rust-lang/crates.io-index	build.rs
kubernetes	normal	serde_json	serde_json	1.0.151	registry+https://github.com/rust-lang/crates.io-index	build.rs
loki	normal	schemars	schemars	1.2.2	registry+https://github.com/rust-lang/crates.io-index	-
loki	normal	serde	serde	1.0.229	registry+https://github.com/rust-lang/crates.io-index	build.rs
loki	normal	serde_json	serde_json	1.0.151	registry+https://github.com/rust-lang/crates.io-index	build.rs
loki	normal	sha1	sha1	0.11.0	registry+https://github.com/rust-lang/crates.io-index	-
loki	normal	time	time	0.3.54	registry+https://github.com/rust-lang/crates.io-index	-
opsgenie	normal	schemars	schemars	1.2.2	registry+https://github.com/rust-lang/crates.io-index	-
opsgenie	normal	serde	serde	1.0.229	registry+https://github.com/rust-lang/crates.io-index	build.rs
opsgenie	normal	serde_json	serde_json	1.0.151	registry+https://github.com/rust-lang/crates.io-index	build.rs
pack-index	normal	serde	serde	1.0.229	registry+https://github.com/rust-lang/crates.io-index	build.rs
pack-index	normal	serde_json	serde_json	1.0.151	registry+https://github.com/rust-lang/crates.io-index	build.rs
pack-index	normal	sha2	sha2	0.11.0	registry+https://github.com/rust-lang/crates.io-index	-
prometheus	normal	schemars	schemars	1.2.2	registry+https://github.com/rust-lang/crates.io-index	-
prometheus	normal	serde	serde	1.0.229	registry+https://github.com/rust-lang/crates.io-index	build.rs
prometheus	normal	serde_json	serde_json	1.0.151	registry+https://github.com/rust-lang/crates.io-index	build.rs
slack	normal	base64	base64	0.23.0	registry+https://github.com/rust-lang/crates.io-index	-
slack	normal	schemars	schemars	1.2.2	registry+https://github.com/rust-lang/crates.io-index	-
slack	normal	serde	serde	1.0.229	registry+https://github.com/rust-lang/crates.io-index	build.rs
slack	normal	serde_json	serde_json	1.0.151	registry+https://github.com/rust-lang/crates.io-index	build.rs
sql	normal	schemars	schemars	1.2.2	registry+https://github.com/rust-lang/crates.io-index	-
sql	normal	serde	serde	1.0.229	registry+https://github.com/rust-lang/crates.io-index	build.rs
sql	normal	serde_json	serde_json	1.0.151	registry+https://github.com/rust-lang/crates.io-index	build.rs
websearch	normal	schemars	schemars	1.2.2	registry+https://github.com/rust-lang/crates.io-index	-
websearch	normal	serde	serde	1.0.229	registry+https://github.com/rust-lang/crates.io-index	build.rs
websearch	normal	serde_json	serde_json	1.0.151	registry+https://github.com/rust-lang/crates.io-index	build.rs
