# member	kind	dependency	package	resolved	source	build-script
codewandler-flux-a2a	dev	tokio	tokio	1.53.1	registry+https://github.com/rust-lang/crates.io-index	-
codewandler-flux-a2a	normal	async_trait	async-trait	0.1.91	registry+https://github.com/rust-lang/crates.io-index	-
codewandler-flux-a2a	normal	eventsource_stream	eventsource-stream	0.2.3	registry+https://github.com/rust-lang/crates.io-index	-
codewandler-flux-a2a	normal	futures	futures	0.3.33	registry+https://github.com/rust-lang/crates.io-index	-
codewandler-flux-a2a	normal	rand	rand	0.10.2	registry+https://github.com/rust-lang/crates.io-index	-
codewandler-flux-a2a	normal	reqwest	reqwest	0.13.4	registry+https://github.com/rust-lang/crates.io-index	-
codewandler-flux-a2a	normal	serde	serde	1.0.229	registry+https://github.com/rust-lang/crates.io-index	build.rs
codewandler-flux-a2a	normal	serde_json	serde_json	1.0.151	registry+https://github.com/rust-lang/crates.io-index	build.rs
codewandler-flux-a2a	normal	thiserror	thiserror	2.0.19	registry+https://github.com/rust-lang/crates.io-index	build.rs
codewandler-flux-a2a	normal	tokio	tokio	1.53.1	registry+https://github.com/rust-lang/crates.io-index	-
codewandler-flux-a2a	normal	url	url	2.5.8	registry+https://github.com/rust-lang/crates.io-index	-
codewandler-flux-agent	dev	serde_json	serde_json	1.0.151	registry+https://github.com/rust-lang/crates.io-index	build.rs
codewandler-flux-agent	dev	tokio	tokio	1.53.1	registry+https://github.com/rust-lang/crates.io-index	-
codewandler-flux-agent	normal	serde	serde	1.0.229	registry+https://github.com/rust-lang/crates.io-index	build.rs
codewandler-flux-agent	normal	serde_norway	serde_norway	0.9.42	registry+https://github.com/rust-lang/crates.io-index	-
codewandler-flux-agent	normal	sha2	sha2	0.11.0	registry+https://github.com/rust-lang/crates.io-index	-
codewandler-flux-app	dev	tokio	tokio	1.53.1	registry+https://github.com/rust-lang/crates.io-index	-
codewandler-flux-app	normal	async_trait	async-trait	0.1.91	registry+https://github.com/rust-lang/crates.io-index	-
codewandler-flux-app	normal	futures	futures	0.3.33	registry+https://github.com/rust-lang/crates.io-index	-
codewandler-flux-app	normal	serde	serde	1.0.229	registry+https://github.com/rust-lang/crates.io-index	build.rs
codewandler-flux-app	normal	serde_json	serde_json	1.0.151	registry+https://github.com/rust-lang/crates.io-index	build.rs
codewandler-flux-app	normal	tokio	tokio	1.53.1	registry+https://github.com/rust-lang/crates.io-index	-
codewandler-flux-app	normal	tokio_util	tokio-util	0.7.19	registry+https://github.com/rust-lang/crates.io-index	-
codewandler-flux-auth	dev	axum	axum	0.8.9	registry+https://github.com/rust-lang/crates.io-index	-
codewandler-flux-auth	dev	serde_json	serde_json	1.0.151	registry+https://github.com/rust-lang/crates.io-index	build.rs
codewandler-flux-auth	dev	tokio	tokio	1.53.1	registry+https://github.com/rust-lang/crates.io-index	-
codewandler-flux-auth	normal	async_trait	async-trait	0.1.91	registry+https://github.com/rust-lang/crates.io-index	-
codewandler-flux-auth	normal	reqwest	reqwest	0.13.4	registry+https://github.com/rust-lang/crates.io-index	-
codewandler-flux-auth	normal	serde	serde	1.0.229	registry+https://github.com/rust-lang/crates.io-index	build.rs
codewandler-flux-auth	normal	serde_json	serde_json	1.0.151	registry+https://github.com/rust-lang/crates.io-index	build.rs
codewandler-flux-auth	normal	sha2	sha2	0.11.0	registry+https://github.com/rust-lang/crates.io-index	-
codewandler-flux-capabilities	dev	tokio	tokio	1.53.1	registry+https://github.com/rust-lang/crates.io-index	-
codewandler-flux-capabilities	dev	ulid	ulid	3.0.0	registry+https://github.com/rust-lang/crates.io-index	-
codewandler-flux-capabilities	normal	async_trait	async-trait	0.1.91	registry+https://github.com/rust-lang/crates.io-index	-
codewandler-flux-capabilities	normal	rusqlite	rusqlite	0.39.0	registry+https://github.com/rust-lang/crates.io-index	-
codewandler-flux-capabilities	normal	serde	serde	1.0.229	registry+https://github.com/rust-lang/crates.io-index	build.rs
codewandler-flux-capabilities	normal	serde_json	serde_json	1.0.151	registry+https://github.com/rust-lang/crates.io-index	build.rs
codewandler-flux-capabilities	normal	tokio	tokio	1.53.1	registry+https://github.com/rust-lang/crates.io-index	-
codewandler-flux-capabilities	normal	toml	toml	1.1.3+spec-1.1.0	registry+https://github.com/rust-lang/crates.io-index	-
codewandler-flux-capabilities	normal	url	url	2.5.8	registry+https://github.com/rust-lang/crates.io-index	-
codewandler-flux-channels	dev	tokio	tokio	1.53.1	registry+https://github.com/rust-lang/crates.io-index	-
codewandler-flux-channels	dev	tower	tower	0.5.3	registry+https://github.com/rust-lang/crates.io-index	-
codewandler-flux-channels	normal	anyhow	anyhow	1.0.104	registry+https://github.com/rust-lang/crates.io-index	build.rs
codewandler-flux-channels	normal	async_trait	async-trait	0.1.91	registry+https://github.com/rust-lang/crates.io-index	-
codewandler-flux-channels	normal	axum	axum	0.8.9	registry+https://github.com/rust-lang/crates.io-index	-
codewandler-flux-channels	normal	base64	base64	0.23.0	registry+https://github.com/rust-lang/crates.io-index	-
codewandler-flux-channels	normal	chrono	chrono	0.4.45	registry+https://github.com/rust-lang/crates.io-index	-
codewandler-flux-channels	normal	cron	cron	0.17.0	registry+https://github.com/rust-lang/crates.io-index	-
codewandler-flux-channels	normal	futures_util	futures-util	0.3.33	registry+https://github.com/rust-lang/crates.io-index	-
codewandler-flux-channels	normal	quick_xml	quick-xml	0.41.0	registry+https://github.com/rust-lang/crates.io-index	-
codewandler-flux-channels	normal	reqwest	reqwest	0.13.4	registry+https://github.com/rust-lang/crates.io-index	-
codewandler-flux-channels	normal	serde	serde	1.0.229	registry+https://github.com/rust-lang/crates.io-index	build.rs
codewandler-flux-channels	normal	serde_json	serde_json	1.0.151	registry+https://github.com/rust-lang/crates.io-index	build.rs
codewandler-flux-channels	normal	slack_morphism	slack-morphism	2.24.0	registry+https://github.com/rust-lang/crates.io-index	-
codewandler-flux-channels	normal	tokio	tokio	1.53.1	registry+https://github.com/rust-lang/crates.io-index	-
codewandler-flux-channels	normal	tokio_tungstenite	tokio-tungstenite	0.30.0	registry+https://github.com/rust-lang/crates.io-index	-
codewandler-flux-channels	normal	tokio_util	tokio-util	0.7.19	registry+https://github.com/rust-lang/crates.io-index	-
codewandler-flux-channels	normal	toml	toml	1.1.3+spec-1.1.0	registry+https://github.com/rust-lang/crates.io-index	-
codewandler-flux-channels	normal	url	url	2.5.8	registry+https://github.com/rust-lang/crates.io-index	-
codewandler-flux-cognition	dev	tokio	tokio	1.53.1	registry+https://github.com/rust-lang/crates.io-index	-
codewandler-flux-cognition	normal	async_trait	async-trait	0.1.91	registry+https://github.com/rust-lang/crates.io-index	-
codewandler-flux-cognition	normal	futures	futures	0.3.33	registry+https://github.com/rust-lang/crates.io-index	-
codewandler-flux-cognition	normal	schemars	schemars	1.2.2	registry+https://github.com/rust-lang/crates.io-index	-
codewandler-flux-cognition	normal	serde	serde	1.0.229	registry+https://github.com/rust-lang/crates.io-index	build.rs
codewandler-flux-cognition	normal	serde_json	serde_json	1.0.151	registry+https://github.com/rust-lang/crates.io-index	build.rs
codewandler-flux-cognition	normal	tokio	tokio	1.53.1	registry+https://github.com/rust-lang/crates.io-index	-
codewandler-flux-config	normal	serde	serde	1.0.229	registry+https://github.com/rust-lang/crates.io-index	build.rs
codewandler-flux-config	normal	serde_json	serde_json	1.0.151	registry+https://github.com/rust-lang/crates.io-index	build.rs
codewandler-flux-config	normal	toml	toml	1.1.3+spec-1.1.0	registry+https://github.com/rust-lang/crates.io-index	-
codewandler-flux-core	normal	serde	serde	1.0.229	registry+https://github.com/rust-lang/crates.io-index	build.rs
codewandler-flux-core	normal	serde_json	serde_json	1.0.151	registry+https://github.com/rust-lang/crates.io-index	build.rs
codewandler-flux-core	normal	thiserror	thiserror	2.0.19	registry+https://github.com/rust-lang/crates.io-index	build.rs
codewandler-flux-credentials	normal	async_trait	async-trait	0.1.91	registry+https://github.com/rust-lang/crates.io-index	-
codewandler-flux-credentials	normal	base64	base64	0.23.0	registry+https://github.com/rust-lang/crates.io-index	-
codewandler-flux-credentials	normal	rand	rand	0.10.2	registry+https://github.com/rust-lang/crates.io-index	-
codewandler-flux-credentials	normal	reqwest	reqwest	0.13.4	registry+https://github.com/rust-lang/crates.io-index	-
codewandler-flux-credentials	normal	serde	serde	1.0.229	registry+https://github.com/rust-lang/crates.io-index	build.rs
codewandler-flux-credentials	normal	serde_json	serde_json	1.0.151	registry+https://github.com/rust-lang/crates.io-index	build.rs
codewandler-flux-credentials	normal	sha2	sha2	0.11.0	registry+https://github.com/rust-lang/crates.io-index	-
codewandler-flux-credentials	normal	tokio	tokio	1.53.1	registry+https://github.com/rust-lang/crates.io-index	-
codewandler-flux-credentials	normal	toml	toml	1.1.3+spec-1.1.0	registry+https://github.com/rust-lang/crates.io-index	-
codewandler-flux-datasource	normal	serde	serde	1.0.229	registry+https://github.com/rust-lang/crates.io-index	build.rs
codewandler-flux-datasource	normal	serde_json	serde_json	1.0.151	registry+https://github.com/rust-lang/crates.io-index	build.rs
codewandler-flux-events	dev	tokio	tokio	1.53.1	registry+https://github.com/rust-lang/crates.io-index	-
codewandler-flux-events	normal	rusqlite	rusqlite	0.39.0	registry+https://github.com/rust-lang/crates.io-index	-
codewandler-flux-events	normal	serde	serde	1.0.229	registry+https://github.com/rust-lang/crates.io-index	build.rs
codewandler-flux-events	normal	serde_json	serde_json	1.0.151	registry+https://github.com/rust-lang/crates.io-index	build.rs
codewandler-flux-events	normal	tracing	tracing	0.1.44	registry+https://github.com/rust-lang/crates.io-index	-
codewandler-flux-events	normal	ulid	ulid	3.0.0	registry+https://github.com/rust-lang/crates.io-index	-
codewandler-flux-evidence	normal	serde	serde	1.0.229	registry+https://github.com/rust-lang/crates.io-index	build.rs
codewandler-flux-evidence	normal	serde_json	serde_json	1.0.151	registry+https://github.com/rust-lang/crates.io-index	build.rs
codewandler-flux-flow	normal	async_trait	async-trait	0.1.91	registry+https://github.com/rust-lang/crates.io-index	-
codewandler-flux-flow	normal	futures	futures	0.3.33	registry+https://github.com/rust-lang/crates.io-index	-
codewandler-flux-flow	normal	jsonschema	jsonschema	0.49.2	registry+https://github.com/rust-lang/crates.io-index	-
codewandler-flux-flow	normal	rusqlite	rusqlite	0.39.0	registry+https://github.com/rust-lang/crates.io-index	-
codewandler-flux-flow	normal	schemars	schemars	1.2.2	registry+https://github.com/rust-lang/crates.io-index	-
codewandler-flux-flow	normal	serde	serde	1.0.229	registry+https://github.com/rust-lang/crates.io-index	build.rs
codewandler-flux-flow	normal	serde_json	serde_json	1.0.151	registry+https://github.com/rust-lang/crates.io-index	build.rs
codewandler-flux-flow	normal	sha2	sha2	0.11.0	registry+https://github.com/rust-lang/crates.io-index	-
codewandler-flux-flow	normal	tokio	tokio	1.53.1	registry+https://github.com/rust-lang/crates.io-index	-
codewandler-flux-flow	normal	tokio_util	tokio-util	0.7.19	registry+https://github.com/rust-lang/crates.io-index	-
codewandler-flux-lang	dev	wasmi	wasmi	1.1.0	registry+https://github.com/rust-lang/crates.io-index	-
codewandler-flux-lang	normal	async_trait	async-trait	0.1.91	registry+https://github.com/rust-lang/crates.io-index	-
codewandler-flux-lang	normal	futures	futures	0.3.33	registry+https://github.com/rust-lang/crates.io-index	-
codewandler-flux-lang	normal	rowan	rowan	0.16.1	registry+https://github.com/rust-lang/crates.io-index	-
codewandler-flux-lang	normal	schemars	schemars	1.2.2	registry+https://github.com/rust-lang/crates.io-index	-
codewandler-flux-lang	normal	serde	serde	1.0.229	registry+https://github.com/rust-lang/crates.io-index	build.rs
codewandler-flux-lang	normal	serde_json	serde_json	1.0.151	registry+https://github.com/rust-lang/crates.io-index	build.rs
codewandler-flux-lang	normal	sha2	sha2	0.11.0	registry+https://github.com/rust-lang/crates.io-index	-
codewandler-flux-lang	normal	text_size	text-size	1.1.1	registry+https://github.com/rust-lang/crates.io-index	-
codewandler-flux-lang	normal	thiserror	thiserror	2.0.19	registry+https://github.com/rust-lang/crates.io-index	build.rs
codewandler-flux-lang	normal	tokio	tokio	1.53.1	registry+https://github.com/rust-lang/crates.io-index	-
codewandler-flux-lsp	dev	tempfile	tempfile	3.27.0	registry+https://github.com/rust-lang/crates.io-index	-
codewandler-flux-lsp	normal	serde_json	serde_json	1.0.151	registry+https://github.com/rust-lang/crates.io-index	build.rs
codewandler-flux-lsp	normal	text_size	text-size	1.1.1	registry+https://github.com/rust-lang/crates.io-index	-
codewandler-flux-lsp	normal	tokio	tokio	1.53.1	registry+https://github.com/rust-lang/crates.io-index	-
codewandler-flux-lsp	normal	tower_lsp	tower-lsp	0.20.0	registry+https://github.com/rust-lang/crates.io-index	-
codewandler-flux-markdown	dev	markdown_ratatui	codewandler-markdown-ratatui	0.2.1	git+https://github.com/codewandler/markdown?rev=ad16fe51f9a98e65037af14f2bcd36c62b252d80#ad16fe51f9a98e65037af14f2bcd36c62b252d80	-
codewandler-flux-markdown	dev	markdown_stream	codewandler-markdown-stream	0.2.1	git+https://github.com/codewandler/markdown?rev=ad16fe51f9a98e65037af14f2bcd36c62b252d80#ad16fe51f9a98e65037af14f2bcd36c62b252d80	-
codewandler-flux-markdown	dev	markdown_terminal	codewandler-markdown-terminal	0.2.1	git+https://github.com/codewandler/markdown?rev=ad16fe51f9a98e65037af14f2bcd36c62b252d80#ad16fe51f9a98e65037af14f2bcd36c62b252d80	-
codewandler-flux-markdown	normal	ratatui	ratatui	0.30.2	registry+https://github.com/rust-lang/crates.io-index	-
codewandler-flux-markdown	normal	serde	serde	1.0.229	registry+https://github.com/rust-lang/crates.io-index	build.rs
codewandler-flux-markdown	normal	serde_norway	serde_norway	0.9.42	registry+https://github.com/rust-lang/crates.io-index	-
codewandler-flux-markdown	normal	unicode_width	unicode-width	0.2.0	registry+https://github.com/rust-lang/crates.io-index	-
codewandler-flux-orchestrate	dev	tokio	tokio	1.53.1	registry+https://github.com/rust-lang/crates.io-index	-
codewandler-flux-orchestrate	normal	async_trait	async-trait	0.1.91	registry+https://github.com/rust-lang/crates.io-index	-
codewandler-flux-orchestrate	normal	futures	futures	0.3.33	registry+https://github.com/rust-lang/crates.io-index	-
codewandler-flux-orchestrate	normal	schemars	schemars	1.2.2	registry+https://github.com/rust-lang/crates.io-index	-
codewandler-flux-orchestrate	normal	serde	serde	1.0.229	registry+https://github.com/rust-lang/crates.io-index	build.rs
codewandler-flux-orchestrate	normal	serde_json	serde_json	1.0.151	registry+https://github.com/rust-lang/crates.io-index	build.rs
codewandler-flux-orchestrate	normal	tokio	tokio	1.53.1	registry+https://github.com/rust-lang/crates.io-index	-
codewandler-flux-orchestrate	normal	tokio_util	tokio-util	0.7.19	registry+https://github.com/rust-lang/crates.io-index	-
codewandler-flux-pg	dev	tokio	tokio	1.53.1	registry+https://github.com/rust-lang/crates.io-index	-
codewandler-flux-pg	dev	ulid	ulid	3.0.0	registry+https://github.com/rust-lang/crates.io-index	-
codewandler-flux-pg	normal	percent_encoding	percent-encoding	2.3.2	registry+https://github.com/rust-lang/crates.io-index	-
codewandler-flux-pg	normal	sqlx	sqlx	0.8.6	registry+https://github.com/rust-lang/crates.io-index	-
codewandler-flux-pg	normal	tokio	tokio	1.53.1	registry+https://github.com/rust-lang/crates.io-index	-
codewandler-flux-pg	normal	url	url	2.5.8	registry+https://github.com/rust-lang/crates.io-index	-
codewandler-flux-plugin	dev	async_trait	async-trait	0.1.91	registry+https://github.com/rust-lang/crates.io-index	-
codewandler-flux-plugin	dev	minisign	minisign	0.9.1	registry+https://github.com/rust-lang/crates.io-index	-
codewandler-flux-plugin	dev	tokio	tokio	1.53.1	registry+https://github.com/rust-lang/crates.io-index	-
codewandler-flux-plugin	normal	async_trait	async-trait	0.1.91	registry+https://github.com/rust-lang/crates.io-index	-
codewandler-flux-plugin	normal	base64	base64	0.23.0	registry+https://github.com/rust-lang/crates.io-index	-
codewandler-flux-plugin	normal	hmac	hmac	0.13.0	registry+https://github.com/rust-lang/crates.io-index	-
codewandler-flux-plugin	normal	lzma_rs	lzma-rs	0.3.0	registry+https://github.com/rust-lang/crates.io-index	-
codewandler-flux-plugin	normal	minisign_verify	minisign-verify	0.2.5	registry+https://github.com/rust-lang/crates.io-index	-
codewandler-flux-plugin	normal	rand	rand	0.10.2	registry+https://github.com/rust-lang/crates.io-index	-
codewandler-flux-plugin	normal	reqwest	reqwest	0.13.4	registry+https://github.com/rust-lang/crates.io-index	-
codewandler-flux-plugin	normal	rquickjs	rquickjs	0.12.2	registry+https://github.com/rust-lang/crates.io-index	-
codewandler-flux-plugin	normal	serde	serde	1.0.229	registry+https://github.com/rust-lang/crates.io-index	build.rs
codewandler-flux-plugin	normal	serde_json	serde_json	1.0.151	registry+https://github.com/rust-lang/crates.io-index	build.rs
codewandler-flux-plugin	normal	sha2	sha2	0.11.0	registry+https://github.com/rust-lang/crates.io-index	-
codewandler-flux-plugin	normal	tar	tar	0.4.46	registry+https://github.com/rust-lang/crates.io-index	-
codewandler-flux-plugin	normal	tokio	tokio	1.53.1	registry+https://github.com/rust-lang/crates.io-index	-
codewandler-flux-plugin	normal	toml	toml	1.1.3+spec-1.1.0	registry+https://github.com/rust-lang/crates.io-index	-
codewandler-flux-plugin	normal	url	url	2.5.8	registry+https://github.com/rust-lang/crates.io-index	-
codewandler-flux-plugin	normal	zip	zip	7.2.0	registry+https://github.com/rust-lang/crates.io-index	-
codewandler-flux-plugin-protocol	normal	serde	serde	1.0.229	registry+https://github.com/rust-lang/crates.io-index	build.rs
codewandler-flux-plugin-protocol	normal	serde_json	serde_json	1.0.151	registry+https://github.com/rust-lang/crates.io-index	build.rs
codewandler-flux-policy	normal	serde	serde	1.0.229	registry+https://github.com/rust-lang/crates.io-index	build.rs
codewandler-flux-provider	dev	tokio	tokio	1.53.1	registry+https://github.com/rust-lang/crates.io-index	-
codewandler-flux-provider	normal	async_trait	async-trait	0.1.91	registry+https://github.com/rust-lang/crates.io-index	-
codewandler-flux-provider	normal	bytes	bytes	1.12.1	registry+https://github.com/rust-lang/crates.io-index	-
codewandler-flux-provider	normal	futures	futures	0.3.33	registry+https://github.com/rust-lang/crates.io-index	-
codewandler-flux-provider	normal	reqwest	reqwest	0.13.4	registry+https://github.com/rust-lang/crates.io-index	-
codewandler-flux-provider	normal	serde	serde	1.0.229	registry+https://github.com/rust-lang/crates.io-index	build.rs
codewandler-flux-provider	normal	serde_json	serde_json	1.0.151	registry+https://github.com/rust-lang/crates.io-index	build.rs
codewandler-flux-provider	normal	tokio	tokio	1.53.1	registry+https://github.com/rust-lang/crates.io-index	-
codewandler-flux-provider	normal	tracing	tracing	0.1.44	registry+https://github.com/rust-lang/crates.io-index	-
codewandler-flux-providers	normal	async_stream	async-stream	0.3.6	registry+https://github.com/rust-lang/crates.io-index	-
codewandler-flux-providers	normal	async_trait	async-trait	0.1.91	registry+https://github.com/rust-lang/crates.io-index	-
codewandler-flux-providers	normal	base64	base64	0.23.0	registry+https://github.com/rust-lang/crates.io-index	-
codewandler-flux-providers	normal	bytes	bytes	1.12.1	registry+https://github.com/rust-lang/crates.io-index	-
codewandler-flux-providers	normal	chrono	chrono	0.4.45	registry+https://github.com/rust-lang/crates.io-index	-
codewandler-flux-providers	normal	eventsource_stream	eventsource-stream	0.2.3	registry+https://github.com/rust-lang/crates.io-index	-
codewandler-flux-providers	normal	futures	futures	0.3.33	registry+https://github.com/rust-lang/crates.io-index	-
codewandler-flux-providers	normal	hex	hex	0.4.3	registry+https://github.com/rust-lang/crates.io-index	-
codewandler-flux-providers	normal	hmac	hmac	0.13.0	registry+https://github.com/rust-lang/crates.io-index	-
codewandler-flux-providers	normal	reqwest	reqwest	0.13.4	registry+https://github.com/rust-lang/crates.io-index	-
codewandler-flux-providers	normal	serde	serde	1.0.229	registry+https://github.com/rust-lang/crates.io-index	build.rs
codewandler-flux-providers	normal	serde_json	serde_json	1.0.151	registry+https://github.com/rust-lang/crates.io-index	build.rs
codewandler-flux-providers	normal	sha1	sha1	0.11.0	registry+https://github.com/rust-lang/crates.io-index	-
codewandler-flux-providers	normal	sha2	sha2	0.11.0	registry+https://github.com/rust-lang/crates.io-index	-
codewandler-flux-providers	normal	tokio	tokio	1.53.1	registry+https://github.com/rust-lang/crates.io-index	-
codewandler-flux-providers	normal	tokio_tungstenite	tokio-tungstenite	0.30.0	registry+https://github.com/rust-lang/crates.io-index	-
codewandler-flux-providers	normal	tracing	tracing	0.1.44	registry+https://github.com/rust-lang/crates.io-index	-
codewandler-flux-runtime	normal	async_trait	async-trait	0.1.91	registry+https://github.com/rust-lang/crates.io-index	-
codewandler-flux-runtime	normal	jsonschema	jsonschema	0.49.2	registry+https://github.com/rust-lang/crates.io-index	-
codewandler-flux-runtime	normal	serde	serde	1.0.229	registry+https://github.com/rust-lang/crates.io-index	build.rs
codewandler-flux-runtime	normal	serde_json	serde_json	1.0.151	registry+https://github.com/rust-lang/crates.io-index	build.rs
codewandler-flux-runtime	normal	serde_norway	serde_norway	0.9.42	registry+https://github.com/rust-lang/crates.io-index	-
codewandler-flux-runtime	normal	tokio	tokio	1.53.1	registry+https://github.com/rust-lang/crates.io-index	-
codewandler-flux-runtime	normal	tokio_util	tokio-util	0.7.19	registry+https://github.com/rust-lang/crates.io-index	-
codewandler-flux-runtime	normal	tracing	tracing	0.1.44	registry+https://github.com/rust-lang/crates.io-index	-
codewandler-flux-sdk	normal	async_trait	async-trait	0.1.91	registry+https://github.com/rust-lang/crates.io-index	-
codewandler-flux-sdk	normal	futures	futures	0.3.33	registry+https://github.com/rust-lang/crates.io-index	-
codewandler-flux-sdk	normal	schemars	schemars	1.2.2	registry+https://github.com/rust-lang/crates.io-index	-
codewandler-flux-sdk	normal	serde	serde	1.0.229	registry+https://github.com/rust-lang/crates.io-index	build.rs
codewandler-flux-sdk	normal	serde_json	serde_json	1.0.151	registry+https://github.com/rust-lang/crates.io-index	build.rs
codewandler-flux-sdk	normal	tokio	tokio	1.53.1	registry+https://github.com/rust-lang/crates.io-index	-
codewandler-flux-sdk	normal	tokio_util	tokio-util	0.7.19	registry+https://github.com/rust-lang/crates.io-index	-
codewandler-flux-sdk	normal	toml	toml	1.1.3+spec-1.1.0	registry+https://github.com/rust-lang/crates.io-index	-
codewandler-flux-secret	dev	serde_json	serde_json	1.0.151	registry+https://github.com/rust-lang/crates.io-index	build.rs
codewandler-flux-secret	dev	toml	toml	1.1.3+spec-1.1.0	registry+https://github.com/rust-lang/crates.io-index	-
codewandler-flux-secret	normal	serde	serde	1.0.229	registry+https://github.com/rust-lang/crates.io-index	build.rs
codewandler-flux-server	dev	rcgen	rcgen	0.14.8	registry+https://github.com/rust-lang/crates.io-index	-
codewandler-flux-server	dev	tokio	tokio	1.53.1	registry+https://github.com/rust-lang/crates.io-index	-
codewandler-flux-server	dev	tower	tower	0.5.3	registry+https://github.com/rust-lang/crates.io-index	-
codewandler-flux-server	normal	anyhow	anyhow	1.0.104	registry+https://github.com/rust-lang/crates.io-index	build.rs
codewandler-flux-server	normal	async_stream	async-stream	0.3.6	registry+https://github.com/rust-lang/crates.io-index	-
codewandler-flux-server	normal	async_trait	async-trait	0.1.91	registry+https://github.com/rust-lang/crates.io-index	-
codewandler-flux-server	normal	axum	axum	0.8.9	registry+https://github.com/rust-lang/crates.io-index	-
codewandler-flux-server	normal	axum_server	axum-server	0.8.0	registry+https://github.com/rust-lang/crates.io-index	-
codewandler-flux-server	normal	base64	base64	0.23.0	registry+https://github.com/rust-lang/crates.io-index	-
codewandler-flux-server	normal	futures	futures	0.3.33	registry+https://github.com/rust-lang/crates.io-index	-
codewandler-flux-server	normal	rand	rand	0.10.2	registry+https://github.com/rust-lang/crates.io-index	-
codewandler-flux-server	normal	reqwest	reqwest	0.13.4	registry+https://github.com/rust-lang/crates.io-index	-
codewandler-flux-server	normal	rustls	rustls	0.23.42	registry+https://github.com/rust-lang/crates.io-index	build.rs
codewandler-flux-server	normal	serde	serde	1.0.229	registry+https://github.com/rust-lang/crates.io-index	build.rs
codewandler-flux-server	normal	serde_json	serde_json	1.0.151	registry+https://github.com/rust-lang/crates.io-index	build.rs
codewandler-flux-server	normal	sha2	sha2	0.11.0	registry+https://github.com/rust-lang/crates.io-index	-
codewandler-flux-server	normal	tokio	tokio	1.53.1	registry+https://github.com/rust-lang/crates.io-index	-
codewandler-flux-server	normal	tokio_tungstenite	tokio-tungstenite	0.30.0	registry+https://github.com/rust-lang/crates.io-index	-
codewandler-flux-server	normal	tokio_util	tokio-util	0.7.19	registry+https://github.com/rust-lang/crates.io-index	-
codewandler-flux-server	normal	tower_http	tower-http	0.6.11	registry+https://github.com/rust-lang/crates.io-index	-
codewandler-flux-server	normal	webpki_roots	webpki-roots	1.0.9	registry+https://github.com/rust-lang/crates.io-index	-
codewandler-flux-server	normal	zip	zip	7.2.0	registry+https://github.com/rust-lang/crates.io-index	-
codewandler-flux-skill	normal	serde	serde	1.0.229	registry+https://github.com/rust-lang/crates.io-index	build.rs
codewandler-flux-skill	normal	serde_norway	serde_norway	0.9.42	registry+https://github.com/rust-lang/crates.io-index	-
codewandler-flux-spec	normal	schemars	schemars	1.2.2	registry+https://github.com/rust-lang/crates.io-index	-
codewandler-flux-spec	normal	serde	serde	1.0.229	registry+https://github.com/rust-lang/crates.io-index	build.rs
codewandler-flux-spec	normal	serde_json	serde_json	1.0.151	registry+https://github.com/rust-lang/crates.io-index	build.rs
codewandler-flux-system	dev	rcgen	rcgen	0.14.8	registry+https://github.com/rust-lang/crates.io-index	-
codewandler-flux-system	dev	rustls	rustls	0.23.42	registry+https://github.com/rust-lang/crates.io-index	build.rs
codewandler-flux-system	dev	tokio	tokio	1.53.1	registry+https://github.com/rust-lang/crates.io-index	-
codewandler-flux-system	dev	tokio_rustls	tokio-rustls	0.26.4	registry+https://github.com/rust-lang/crates.io-index	-
codewandler-flux-system	normal	futures_util	futures-util	0.3.33	registry+https://github.com/rust-lang/crates.io-index	-
codewandler-flux-system	normal	libc	libc	0.2.189	registry+https://github.com/rust-lang/crates.io-index	build.rs
codewandler-flux-system	normal	tokio	tokio	1.53.1	registry+https://github.com/rust-lang/crates.io-index	-
codewandler-flux-system	normal	tokio_tungstenite	tokio-tungstenite	0.30.0	registry+https://github.com/rust-lang/crates.io-index	-
codewandler-flux-system	normal	url	url	2.5.8	registry+https://github.com/rust-lang/crates.io-index	-
codewandler-flux-tools	dev	tokio	tokio	1.53.1	registry+https://github.com/rust-lang/crates.io-index	-
codewandler-flux-tools	dev	ttf_parser	ttf-parser	0.25.1	registry+https://github.com/rust-lang/crates.io-index	-
codewandler-flux-tools	normal	async_trait	async-trait	0.1.91	registry+https://github.com/rust-lang/crates.io-index	-
codewandler-flux-tools	normal	fontdb	fontdb	0.23.0	registry+https://github.com/rust-lang/crates.io-index	-
codewandler-flux-tools	normal	futures	futures	0.3.33	registry+https://github.com/rust-lang/crates.io-index	-
codewandler-flux-tools	normal	regex	regex	1.13.1	registry+https://github.com/rust-lang/crates.io-index	-
codewandler-flux-tools	normal	resvg	resvg	0.47.0	registry+https://github.com/rust-lang/crates.io-index	-
codewandler-flux-tools	normal	rusqlite	rusqlite	0.39.0	registry+https://github.com/rust-lang/crates.io-index	-
codewandler-flux-tools	normal	schemars	schemars	1.2.2	registry+https://github.com/rust-lang/crates.io-index	-
codewandler-flux-tools	normal	serde	serde	1.0.229	registry+https://github.com/rust-lang/crates.io-index	build.rs
codewandler-flux-tools	normal	serde_json	serde_json	1.0.151	registry+https://github.com/rust-lang/crates.io-index	build.rs
codewandler-flux-tools	normal	similar	similar	3.1.1	registry+https://github.com/rust-lang/crates.io-index	-
codewandler-flux-tools	normal	tiny_skia	tiny-skia	0.12.0	registry+https://github.com/rust-lang/crates.io-index	-
codewandler-flux-tools	normal	tokio	tokio	1.53.1	registry+https://github.com/rust-lang/crates.io-index	-
codewandler-flux-tools	normal	usvg	usvg	0.47.0	registry+https://github.com/rust-lang/crates.io-index	-
codewandler-flux-web	dev	lopdf	lopdf	0.44.0	registry+https://github.com/rust-lang/crates.io-index	-
codewandler-flux-web	dev	tokio	tokio	1.53.1	registry+https://github.com/rust-lang/crates.io-index	-
codewandler-flux-web	normal	async_trait	async-trait	0.1.91	registry+https://github.com/rust-lang/crates.io-index	-
codewandler-flux-web	normal	reqwest	reqwest	0.13.4	registry+https://github.com/rust-lang/crates.io-index	-
codewandler-flux-web	normal	scraper	scraper	0.25.0	registry+https://github.com/rust-lang/crates.io-index	-
codewandler-flux-web	normal	serde	serde	1.0.229	registry+https://github.com/rust-lang/crates.io-index	build.rs
codewandler-flux-web	normal	serde_json	serde_json	1.0.151	registry+https://github.com/rust-lang/crates.io-index	build.rs
codewandler-flux-web	normal	tokio	tokio	1.53.1	registry+https://github.com/rust-lang/crates.io-index	-
codewandler-flux-web	normal	url	url	2.5.8	registry+https://github.com/rust-lang/crates.io-index	-
flux-cli	dev	syn	syn	3.0.3	registry+https://github.com/rust-lang/crates.io-index	-
flux-cli	dev	toml	toml	1.1.3+spec-1.1.0	registry+https://github.com/rust-lang/crates.io-index	-
flux-cli	normal	anyhow	anyhow	1.0.104	registry+https://github.com/rust-lang/crates.io-index	build.rs
flux-cli	normal	async_trait	async-trait	0.1.91	registry+https://github.com/rust-lang/crates.io-index	-
flux-cli	normal	chrono	chrono	0.4.45	registry+https://github.com/rust-lang/crates.io-index	-
flux-cli	normal	clap	clap	4.6.4	registry+https://github.com/rust-lang/crates.io-index	-
flux-cli	normal	clap_complete	clap_complete	4.6.8	registry+https://github.com/rust-lang/crates.io-index	-
flux-cli	normal	crossterm	crossterm	0.29.0	registry+https://github.com/rust-lang/crates.io-index	-
flux-cli	normal	futures	futures	0.3.33	registry+https://github.com/rust-lang/crates.io-index	-
flux-cli	normal	jsonschema	jsonschema	0.49.2	registry+https://github.com/rust-lang/crates.io-index	-
flux-cli	normal	libc	libc	0.2.189	registry+https://github.com/rust-lang/crates.io-index	build.rs
flux-cli	normal	reedline	reedline	0.49.0	registry+https://github.com/rust-lang/crates.io-index	-
flux-cli	normal	rpassword	rpassword	7.5.4	registry+https://github.com/rust-lang/crates.io-index	-
flux-cli	normal	rusqlite	rusqlite	0.39.0	registry+https://github.com/rust-lang/crates.io-index	-
flux-cli	normal	rustls	rustls	0.23.42	registry+https://github.com/rust-lang/crates.io-index	build.rs
flux-cli	normal	schemars	schemars	1.2.2	registry+https://github.com/rust-lang/crates.io-index	-
flux-cli	normal	serde	serde	1.0.229	registry+https://github.com/rust-lang/crates.io-index	build.rs
flux-cli	normal	serde_json	serde_json	1.0.151	registry+https://github.com/rust-lang/crates.io-index	build.rs
flux-cli	normal	serde_norway	serde_norway	0.9.42	registry+https://github.com/rust-lang/crates.io-index	-
flux-cli	normal	tokio	tokio	1.53.1	registry+https://github.com/rust-lang/crates.io-index	-
flux-cli	normal	tokio_util	tokio-util	0.7.19	registry+https://github.com/rust-lang/crates.io-index	-
flux-cli	normal	toml	toml	1.1.3+spec-1.1.0	registry+https://github.com/rust-lang/crates.io-index	-
flux-codegate	dev	cargo_metadata	cargo_metadata	0.23.1	registry+https://github.com/rust-lang/crates.io-index	-
flux-codegate	normal	proc_macro2	proc-macro2	1.0.107	registry+https://github.com/rust-lang/crates.io-index	build.rs
flux-codegate	normal	syn	syn	3.0.3	registry+https://github.com/rust-lang/crates.io-index	-
flux-eval	normal	async_trait	async-trait	0.1.91	registry+https://github.com/rust-lang/crates.io-index	-
flux-eval	normal	futures	futures	0.3.33	registry+https://github.com/rust-lang/crates.io-index	-
flux-eval	normal	regex	regex	1.13.1	registry+https://github.com/rust-lang/crates.io-index	-
flux-eval	normal	schemars	schemars	1.2.2	registry+https://github.com/rust-lang/crates.io-index	-
flux-eval	normal	serde	serde	1.0.229	registry+https://github.com/rust-lang/crates.io-index	build.rs
flux-eval	normal	serde_json	serde_json	1.0.151	registry+https://github.com/rust-lang/crates.io-index	build.rs
flux-eval	normal	tokio	tokio	1.53.1	registry+https://github.com/rust-lang/crates.io-index	-
flux-eval	normal	tokio_util	tokio-util	0.7.19	registry+https://github.com/rust-lang/crates.io-index	-
flux-eval	normal	toml	toml	1.1.3+spec-1.1.0	registry+https://github.com/rust-lang/crates.io-index	-
flux-tui	normal	ansi_to_tui	ansi-to-tui	8.0.1	registry+https://github.com/rust-lang/crates.io-index	-
flux-tui	normal	anyhow	anyhow	1.0.104	registry+https://github.com/rust-lang/crates.io-index	build.rs
flux-tui	normal	async_trait	async-trait	0.1.91	registry+https://github.com/rust-lang/crates.io-index	-
flux-tui	normal	base64	base64	0.23.0	registry+https://github.com/rust-lang/crates.io-index	-
flux-tui	normal	crossterm	crossterm	0.29.0	registry+https://github.com/rust-lang/crates.io-index	-
flux-tui	normal	futures_util	futures-util	0.3.33	registry+https://github.com/rust-lang/crates.io-index	-
flux-tui	normal	jsonschema	jsonschema	0.49.2	registry+https://github.com/rust-lang/crates.io-index	-
flux-tui	normal	ratatui	ratatui	0.30.2	registry+https://github.com/rust-lang/crates.io-index	-
flux-tui	normal	serde_json	serde_json	1.0.151	registry+https://github.com/rust-lang/crates.io-index	build.rs
flux-tui	normal	similar	similar	3.1.1	registry+https://github.com/rust-lang/crates.io-index	-
flux-tui	normal	tokio	tokio	1.53.1	registry+https://github.com/rust-lang/crates.io-index	-
flux-tui	normal	tokio_util	tokio-util	0.7.19	registry+https://github.com/rust-lang/crates.io-index	-
flux-tui	normal	tui_textarea	tui-textarea-2	0.12.1	registry+https://github.com/rust-lang/crates.io-index	-
flux-tui	normal	unicode_width	unicode-width	0.2.0	registry+https://github.com/rust-lang/crates.io-index	-
